<?xml version="1.0" encoding="utf-8"?>
<Project ToolsVersion="4.0" xmlns="http://schemas.microsoft.com/developer/msbuild/2003">
  <ItemGroup>
    <Filter Include="Source Files">
      <UniqueIdentifier>{bff82918-cb42-4066-b2d0-f25be6c81ba4}</UniqueIdentifier>
      <Extensions>cpp;c;cxx;rc;def;r;odl;idl;hpj;bat</Extensions>
    </Filter>
    <Filter Include="Header Files">
      <UniqueIdentifier>{71ca6245-9a2d-4e92-af33-ba52ff98807b}</UniqueIdentifier>
      <Extensions>h;hpp;hxx;hm;inl</Extensions>
    </Filter>
    <Filter Include="Resource Files">
      <UniqueIdentifier>{f5297153-7c35-44b6-b054-ccad2af22833}</UniqueIdentifier>
      <Extensions>ico;cur;bmp;dlg;rc2;rct;bin;rgs;gif;jpg;jpeg;jpe</Extensions>
    </Filter>
  </ItemGroup>
  <ItemGroup>
    <ClCompile Include="FileAddEdit.cpp">
      <Filter>Source Files</Filter>
    </ClCompile>
    <ClCompile Include="FileDialogEx.cpp">
      <Filter>Source Files</Filter>
    </ClCompile>
    <ClCompile Include="GenNotesList.cpp">
      <Filter>Source Files</Filter>
    </ClCompile>
    <ClCompile Include="KC_File.cpp">
      <Filter>Source Files</Filter>
    </ClCompile>
    <ClCompile Include="KC_Fold.cpp">
      <Filter>Source Files</Filter>
    </ClCompile>
    <ClCompile Include="KFind.cpp">
      <Filter>Source Files</Filter>
    </ClCompile>
    <ClCompile Include="KillContent.cpp">
      <Filter>Source Files</Filter>
    </ClCompile>
    <ClCompile Include="KillContentDlg.cpp">
      <Filter>Source Files</Filter>
    </ClCompile>
    <ClCompile Include="KillListCtrl.cpp">
      <Filter>Source Files</Filter>
    </ClCompile>
    <ClCompile Include="KillOption.cpp">
      <Filter>Source Files</Filter>
    </ClCompile>
    <ClCompile Include="OperateKillNote.cpp">
      <Filter>Source Files</Filter>
    </ClCompile>
    <ClCompile Include="PreviewCode.cpp">
      <Filter>Source Files</Filter>
    </ClCompile>
    <ClCompile Include="StdAfx.cpp">
      <Filter>Source Files</Filter>
    </ClCompile>
  </ItemGroup>
  <ItemGroup>
    <ResourceCompile Include="KillContent.rc">
      <Filter>Source Files</Filter>
    </ResourceCompile>
  </ItemGroup>
  <ItemGroup>
    <ClInclude Include="FileAddEdit.h">
      <Filter>Header Files</Filter>
    </ClInclude>
    <ClInclude Include="FileDialogEx.h">
      <Filter>Header Files</Filter>
    </ClInclude>
    <ClInclude Include="GenNotesList.h">
      <Filter>Header Files</Filter>
    </ClInclude>
    <ClInclude Include="KC_File.h">
      <Filter>Header Files</Filter>
    </ClInclude>
    <ClInclude Include="KC_Fold.h">
      <Filter>Header Files</Filter>
    </ClInclude>
    <ClInclude Include="KFind.h">
      <Filter>Header Files</Filter>
    </ClInclude>
    <ClInclude Include="KillContent.h">
      <Filter>Header Files</Filter>
    </ClInclude>
    <ClInclude Include="KillContentDlg.h">
      <Filter>Header Files</Filter>
    </ClInclude>
    <ClInclude Include="KillListCtrl.h">
      <Filter>Header Files</Filter>
    </ClInclude>
    <ClInclude Include="KillOption.h">
      <Filter>Header Files</Filter>
    </ClInclude>
    <ClInclude Include="OperateKillNote.h">
      <Filter>Header Files</Filter>
    </ClInclude>
    <ClInclude Include="PreviewCode.h">
      <Filter>Header Files</Filter>
    </ClInclude>
    <ClInclude Include="Resource.h">
      <Filter>Header Files</Filter>
    </ClInclude>
    <ClInclude Include="StdAfx.h">
      <Filter>Header Files</Filter>
    </ClInclude>
  </ItemGroup>
  <ItemGroup>
    <CustomBuild Include="res\del.bmp">
      <Filter>Resource Files</Filter>
    </CustomBuild>
    <CustomBuild Include="res\Kill.ico">
      <Filter>Resource Files</Filter>
    </CustomBuild>
    <CustomBuild Include="res\KillContent.ico">
      <Filter>Resource Files</Filter>
    </CustomBuild>
    <CustomBuild Include="res\KillContent.rc2">
      <Filter>Resource Files</Filter>
    </CustomBuild>
    <CustomBuild Include="res\new.bmp">
      <Filter>Resource Files</Filter>
    </CustomBuild>
    <CustomBuild Include="res\sign.ico">
      <Filter>Resource Files</Filter>
    </CustomBuild>
    <CustomBuild Include="res\toolbar1.bmp">
      <Filter>Resource Files</Filter>
    </CustomBuild>
    <CustomBuild Include="ReadMe.txt" />
  </ItemGroup>
</Project>